<?xml version="1.0" encoding="utf-8"?>
<Project ToolsVersion="4.0" xmlns="http://schemas.microsoft.com/developer/msbuild/2003">
  <ItemGroup>
    <Filter Include="Source Files">
      <UniqueIdentifier>{3dbf8487-60f1-499f-8809-e1868ba12e4c}</UniqueIdentifier>
      <Extensions>cpp;c;cxx;rc;def;r;odl;idl;hpj;bat</Extensions>
    </Filter>
    <Filter Include="Header Files">
      <UniqueIdentifier>{3ccf64f0-1dd8-4488-be0f-e7da1085032f}</UniqueIdentifier>
      <Extensions>h;hpp;hxx;hm;inl</Extensions>
    </Filter>
    <Filter Include="Lex Files">
      <UniqueIdentifier>{a358005b-9202-4836-8354-03d06a9bb718}</UniqueIdentifier>
      <Extensions>lex</Extensions>
    </Filter>
    <Filter Include="YACC Files">
      <UniqueIdentifier>{0ccfeabc-207f-4238-b5b4-cc26c7d6a8e7}</UniqueIdentifier>
      <Extensions>y</Extensions>
    </Filter>
    <Filter Include="Resource Files">
      <UniqueIdentifier>{a45bb3d0-4f37-4441-870b-2a75782df53a}</UniqueIdentifier>
      <Extensions>ico;cur;bmp;dlg;rc2;rct;bin;rgs;gif;jpg;jpeg;jpe</Extensions>
    </Filter>
  </ItemGroup>
  <ItemGroup>
    <ClCompile Include="async.cpp">
      <Filter>Source Files</Filter>
    </ClCompile>
    <ClCompile Include="Attrib.cpp">
      <Filter>Source Files</Filter>
    </ClCompile>
    <ClCompile Include="build_node.cpp">
      <Filter>Source Files</Filter>
    </ClCompile>
    <ClCompile Include="cfg.cpp">
      <Filter>Source Files</Filter>
    </ClCompile>
    <ClCompile Include="CfgNode.cpp">
      <Filter>Source Files</Filter>
    </ClCompile>
    <ClCompile Include="DDModel.cpp">
      <Filter>Source Files</Filter>
    </ClCompile>
    <ClCompile Include="design_dump.cpp">
      <Filter>Source Files</Filter>
    </ClCompile>
    <ClCompile Include="dup_expr.cpp">
      <Filter>Source Files</Filter>
    </ClCompile>
    <ClCompile Include="elab_anet.cpp">
      <Filter>Source Files</Filter>
    </ClCompile>
    <ClCompile Include="elab_expr.cpp">
      <Filter>Source Files</Filter>
    </ClCompile>
    <ClCompile Include="elab_lval.cpp">
      <Filter>Source Files</Filter>
    </ClCompile>
    <ClCompile Include="elab_net.cpp">
      <Filter>Source Files</Filter>
    </ClCompile>
    <ClCompile Include="elab_pexpr.cpp">
      <Filter>Source Files</Filter>
    </ClCompile>
    <ClCompile Include="elab_scope.cpp">
      <Filter>Source Files</Filter>
    </ClCompile>
    <ClCompile Include="elab_sig.cpp">
      <Filter>Source Files</Filter>
    </ClCompile>
    <ClCompile Include="elaborate.cpp">
      <Filter>Source Files</Filter>
    </ClCompile>
    <ClCompile Include="eval.cpp">
      <Filter>Source Files</Filter>
    </ClCompile>
    <ClCompile Include="eval_attrib.cpp">
      <Filter>Source Files</Filter>
    </ClCompile>
    <ClCompile Include="eval_tree.cpp">
      <Filter>Source Files</Filter>
    </ClCompile>
    <ClCompile Include="expr_dump_clp.cpp">
      <Filter>Source Files</Filter>
    </ClCompile>
    <ClCompile Include="expr_evaluate.cpp">
      <Filter>Source Files</Filter>
    </ClCompile>
    <ClCompile Include="functor.cpp">
      <Filter>Source Files</Filter>
    </ClCompile>
    <ClCompile Include="HName.cpp">
      <Filter>Source Files</Filter>
    </ClCompile>
    <ClCompile Include="lexor.cpp">
      <Filter>Source Files</Filter>
    </ClCompile>
    <ClCompile Include="lexor_keyword.cpp">
      <Filter>Source Files</Filter>
    </ClCompile>
    <ClCompile Include="LineInfo.cpp">
      <Filter>Source Files</Filter>
    </ClCompile>
    <ClCompile Include="load_module.cpp">
      <Filter>Source Files</Filter>
    </ClCompile>
    <ClCompile Include="main.cpp">
      <Filter>Source Files</Filter>
    </ClCompile>
    <ClCompile Include="Make_Route.cpp">
      <Filter>Source Files</Filter>
    </ClCompile>
    <ClCompile Include="Module.cpp">
      <Filter>Source Files</Filter>
    </ClCompile>
    <ClCompile Include="net_assign.cpp">
      <Filter>Source Files</Filter>
    </ClCompile>
    <ClCompile Include="net_design.cpp">
      <Filter>Source Files</Filter>
    </ClCompile>
    <ClCompile Include="net_event.cpp">
      <Filter>Source Files</Filter>
    </ClCompile>
    <ClCompile Include="net_expr.cpp">
      <Filter>Source Files</Filter>
    </ClCompile>
    <ClCompile Include="net_force.cpp">
      <Filter>Source Files</Filter>
    </ClCompile>
    <ClCompile Include="net_func.cpp">
      <Filter>Source Files</Filter>
    </ClCompile>
    <ClCompile Include="net_link.cpp">
      <Filter>Source Files</Filter>
    </ClCompile>
    <ClCompile Include="net_modulo.cpp">
      <Filter>Source Files</Filter>
    </ClCompile>
    <ClCompile Include="net_nex_input.cpp">
      <Filter>Source Files</Filter>
    </ClCompile>
    <ClCompile Include="net_nex_output.cpp">
      <Filter>Source Files</Filter>
    </ClCompile>
    <ClCompile Include="net_proc.cpp">
      <Filter>Source Files</Filter>
    </ClCompile>
    <ClCompile Include="net_scope.cpp">
      <Filter>Source Files</Filter>
    </ClCompile>
    <ClCompile Include="net_udp.cpp">
      <Filter>Source Files</Filter>
    </ClCompile>
    <ClCompile Include="net_variable.cpp">
      <Filter>Source Files</Filter>
    </ClCompile>
    <ClCompile Include="netlist.cpp">
      <Filter>Source Files</Filter>
    </ClCompile>
    <ClCompile Include="netmisc.cpp">
      <Filter>Source Files</Filter>
    </ClCompile>
    <ClCompile Include="nodangle.cpp">
      <Filter>Source Files</Filter>
    </ClCompile>
    <ClCompile Include="pad_to_width.cpp">
      <Filter>Source Files</Filter>
    </ClCompile>
    <ClCompile Include="parse.cpp">
      <Filter>Source Files</Filter>
    </ClCompile>
    <ClCompile Include="parse_misc.cpp">
      <Filter>Source Files</Filter>
    </ClCompile>
    <ClCompile Include="PData.cpp">
      <Filter>Source Files</Filter>
    </ClCompile>
    <ClCompile Include="PDelays.cpp">
      <Filter>Source Files</Filter>
    </ClCompile>
    <ClCompile Include="PDesign.cpp">
      <Filter>Source Files</Filter>
    </ClCompile>
    <ClCompile Include="PEvent.cpp">
      <Filter>Source Files</Filter>
    </ClCompile>
    <ClCompile Include="PExpr.cpp">
      <Filter>Source Files</Filter>
    </ClCompile>
    <ClCompile Include="pform.cpp">
      <Filter>Source Files</Filter>
    </ClCompile>
    <ClCompile Include="pform_dump.cpp">
      <Filter>Source Files</Filter>
    </ClCompile>
    <ClCompile Include="PFunction.cpp">
      <Filter>Source Files</Filter>
    </ClCompile>
    <ClCompile Include="PGate.cpp">
      <Filter>Source Files</Filter>
    </ClCompile>
    <ClCompile Include="PTask.cpp">
      <Filter>Source Files</Filter>
    </ClCompile>
    <ClCompile Include="pUdp.cpp">
      <Filter>Source Files</Filter>
    </ClCompile>
    <ClCompile Include="PWire.cpp">
      <Filter>Source Files</Filter>
    </ClCompile>
    <ClCompile Include="set_width.cpp">
      <Filter>Source Files</Filter>
    </ClCompile>
    <ClCompile Include="slice.cpp">
      <Filter>Source Files</Filter>
    </ClCompile>
    <ClCompile Include="slice_dump.cpp">
      <Filter>Source Files</Filter>
    </ClCompile>
    <ClCompile Include="stat_dump_clp.cpp">
      <Filter>Source Files</Filter>
    </ClCompile>
    <ClCompile Include="Statement.cpp">
      <Filter>Source Files</Filter>
    </ClCompile>
    <ClCompile Include="StringHeap.cpp">
      <Filter>Source Files</Filter>
    </ClCompile>
    <ClCompile Include="symbol_search.cpp">
      <Filter>Source Files</Filter>
    </ClCompile>
    <ClCompile Include="sync.cpp">
      <Filter>Source Files</Filter>
    </ClCompile>
    <ClCompile Include="testpath.cpp">
      <Filter>Source Files</Filter>
    </ClCompile>
    <ClCompile Include="vcdvar.cpp">
      <Filter>Source Files</Filter>
    </ClCompile>
    <ClCompile Include="verinum.cpp">
      <Filter>Source Files</Filter>
    </ClCompile>
    <ClCompile Include="verireal.cpp">
      <Filter>Source Files</Filter>
    </ClCompile>
    <ClCompile Include="XGetopt.cpp">
      <Filter>Source Files</Filter>
    </ClCompile>
  </ItemGroup>
  <ItemGroup>
    <ClInclude Include="Attrib.h">
      <Filter>Header Files</Filter>
    </ClInclude>
    <ClInclude Include="cfg.h">
      <Filter>Header Files</Filter>
    </ClInclude>
    <ClInclude Include="CfgNode.h">
      <Filter>Header Files</Filter>
    </ClInclude>
    <ClInclude Include="compiler.h">
      <Filter>Header Files</Filter>
    </ClInclude>
    <ClInclude Include="config.h">
      <Filter>Header Files</Filter>
    </ClInclude>
    <ClInclude Include="DDModel.h">
      <Filter>Header Files</Filter>
    </ClInclude>
    <ClInclude Include="functor.h">
      <Filter>Header Files</Filter>
    </ClInclude>
    <ClInclude Include="HName.h">
      <Filter>Header Files</Filter>
    </ClInclude>
    <ClInclude Include="lexor_keyword.h">
      <Filter>Header Files</Filter>
    </ClInclude>
    <ClInclude Include="LineInfo.h">
      <Filter>Header Files</Filter>
    </ClInclude>
    <ClInclude Include="Make_Route.h">
      <Filter>Header Files</Filter>
    </ClInclude>
    <ClInclude Include="Module.h">
      <Filter>Header Files</Filter>
    </ClInclude>
    <ClInclude Include="named.h">
      <Filter>Header Files</Filter>
    </ClInclude>
    <ClInclude Include="netlist.h">
      <Filter>Header Files</Filter>
    </ClInclude>
    <ClInclude Include="netmisc.h">
      <Filter>Header Files</Filter>
    </ClInclude>
    <ClInclude Include="parse.h">
      <Filter>Header Files</Filter>
    </ClInclude>
    <ClInclude Include="parse_api.h">
      <Filter>Header Files</Filter>
    </ClInclude>
    <ClInclude Include="parse_misc.h">
      <Filter>Header Files</Filter>
    </ClInclude>
    <ClInclude Include="PData.h">
      <Filter>Header Files</Filter>
    </ClInclude>
    <ClInclude Include="PDelays.h">
      <Filter>Header Files</Filter>
    </ClInclude>
    <ClInclude Include="PDesign.h">
      <Filter>Header Files</Filter>
    </ClInclude>
    <ClInclude Include="PEvent.h">
      <Filter>Header Files</Filter>
    </ClInclude>
    <ClInclude Include="PExpr.h">
      <Filter>Header Files</Filter>
    </ClInclude>
    <ClInclude Include="pform.h">
      <Filter>Header Files</Filter>
    </ClInclude>
    <ClInclude Include="PGate.h">
      <Filter>Header Files</Filter>
    </ClInclude>
    <ClInclude Include="PTask.h">
      <Filter>Header Files</Filter>
    </ClInclude>
    <ClInclude Include="PUdp.h">
      <Filter>Header Files</Filter>
    </ClInclude>
    <ClInclude Include="PWire.h">
      <Filter>Header Files</Filter>
    </ClInclude>
    <ClInclude Include="slice.h">
      <Filter>Header Files</Filter>
    </ClInclude>
    <ClInclude Include="Statement.h">
      <Filter>Header Files</Filter>
    </ClInclude>
    <ClInclude Include="StringHeap.h">
      <Filter>Header Files</Filter>
    </ClInclude>
    <ClInclude Include="svector.h">
      <Filter>Header Files</Filter>
    </ClInclude>
    <ClInclude Include="testpath.h">
      <Filter>Header Files</Filter>
    </ClInclude>
    <ClInclude Include="util.h">
      <Filter>Header Files</Filter>
    </ClInclude>
    <ClInclude Include="vcdvar.h">
      <Filter>Header Files</Filter>
    </ClInclude>
    <ClInclude Include="verinum.h">
      <Filter>Header Files</Filter>
    </ClInclude>
    <ClInclude Include="verireal.h">
      <Filter>Header Files</Filter>
    </ClInclude>
  </ItemGroup>
  <ItemGroup>
    <CustomBuild Include="lexor.lex">
      <Filter>Lex Files</Filter>
    </CustomBuild>
    <CustomBuild Include="parse.y">
      <Filter>YACC Files</Filter>
    </CustomBuild>
  </ItemGroup>
</Project>